{
  "name": "@fuse-open/uno",
  "version": "2.0.0-beta.1",
  "lockfileVersion": 1,
  "requires": true,
  "dependencies": {
    "@fuse-open/transpiler": {
      "version": "1.15.0",
      "resolved": "https://registry.npmjs.org/@fuse-open/transpiler/-/transpiler-1.15.0.tgz",
      "integrity": "sha512-lN9xqj4M7XRKIlDUDlWDptlisd0dLNoKt3KogKYvThNlsJCEiv+wSR9zRQRuMNivN0THaO9n9Hlf/ayFft0ETw=="
    },
    "@fuse-open/xamarin-mac": {
      "version": "3.4.0",
      "resolved": "https://registry.npmjs.org/@fuse-open/xamarin-mac/-/xamarin-mac-3.4.0.tgz",
      "integrity": "sha512-Lg3pmYvbTNgigDBxl5PS9h9BV6aNPberLmLCwo0hWJj8Zl/p5nqTydalVjybtUf9pkooJBpgdmxNkD1V7Uwg4Q=="
    },
    "dotnet-run": {
      "version": "1.3.1",
      "resolved": "https://registry.npmjs.org/dotnet-run/-/dotnet-run-1.3.1.tgz",
      "integrity": "sha512-YckXh9Yyq5qNPkbHYIXYk3re9oAS+8N1qHAnp1TmSjLSB3j0tT8vDra/m29ACdnfbYuLgRjGUYdl2MFp6Qvfvg=="
    },
    "filecompare": {
      "version": "1.0.4",
      "resolved": "https://registry.npmjs.org/filecompare/-/filecompare-1.0.4.tgz",
      "integrity": "sha512-Kfqx1EcX+zuixN8jEs52y50mz6XmfZG3msRJx7rFXj4T3oY7SBBHMYimrg8DZJdP2ab1asOMp0mqZlxezbor3w==",
      "dev": true,
      "requires": {
        "minimist": "^1.2.0"
      }
    },
    "isexe": {
      "version": "2.0.0",
      "resolved": "https://registry.npmjs.org/isexe/-/isexe-2.0.0.tgz",
      "integrity": "sha1-6PvzdNxVb/iUehDcsFctYz8s+hA=",
      "dev": true
    },
    "minimist": {
      "version": "1.2.5",
      "resolved": "https://registry.npmjs.org/minimist/-/minimist-1.2.5.tgz",
      "integrity": "sha512-FM9nNUYrRBAELZQT3xeZQ7fmMOBg6nWNmJKTcgsJeaLstP/UODVpGsr5OhXhhXg6f+qtJ8uiZ+PUxkDWcgIXLw==",
      "dev": true
    },
    "which": {
      "version": "2.0.2",
      "resolved": "https://registry.npmjs.org/which/-/which-2.0.2.tgz",
      "integrity": "sha512-BLI3Tl1TW3Pvl70l3yq3Y64i+awpwXqsGBYWkkqMtnbXgrMD+yj7rhW0kuEDxzJaYXGjEW5ogapKNMEKNMjibA==",
      "dev": true,
      "requires": {
        "isexe": "^2.0.0"
      }
    },
    "xbash": {
      "version": "1.5.0",
      "resolved": "https://registry.npmjs.org/xbash/-/xbash-1.5.0.tgz",
      "integrity": "sha512-8gsDznNOCBRTx2zo6aOxTlbhzPxcwoB3wrhhATMW59k0jiMzNbUF1oyos5640BRor1m002v6XVtgYjQSUUJmLw==",
      "dev": true,
      "requires": {
        "which": "^2.0.2"
      }
    }
  }
}
