{
  "name": "@fuse-open/uno",
  "version": "2.2.0",
  "lockfileVersion": 1,
  "requires": true,
  "dependencies": {
    "@fuse-open/opentk": {
      "version": "3.2.0",
      "resolved": "https://registry.npmjs.org/@fuse-open/opentk/-/opentk-3.2.0.tgz",
      "integrity": "sha512-LFXms2H9+3k12Ijcaz4aQ+9PzHn6KiN1ee/0T7iwkraTGy9f8g/SUCmLa7Co/Bzrr0Ykj2u7eYoT7QXYtutOEA=="
    },
    "@fuse-open/transpiler": {
      "version": "1.17.3",
      "resolved": "https://registry.npmjs.org/@fuse-open/transpiler/-/transpiler-1.17.3.tgz",
      "integrity": "sha512-gHsyDqfYtyg+BYMdmlJ2fn2NjtCq3L/lx28vZFY2GdTLGvjbn7YJBnE+U8MiEzALoxDAL24R//1WJGrKsjkq0A=="
    },
    "@fuse-open/xamarin-mac": {
      "version": "5.14.1",
      "resolved": "https://registry.npmjs.org/@fuse-open/xamarin-mac/-/xamarin-mac-5.14.1.tgz",
      "integrity": "sha512-pRj8WQW7iN2dcHtA9V/JiBEkpPhcPFi6BzSB821oit6Am94pveXFQiWWyy2Kqy8lwvSCD3Fe4fSfgfiCE+W+MA=="
    },
    "dotnet-run": {
      "version": "1.5.0",
      "resolved": "https://registry.npmjs.org/dotnet-run/-/dotnet-run-1.5.0.tgz",
      "integrity": "sha512-Huwx7vUQzlCx59+JdcRRltSXnhyqCoBh2LmhmDbaTxFMaKBgKeYgkEy6Cx4Cb2Pr+DomHKuHmwFBksLLiD9VnA=="
    },
    "filecompare": {
      "version": "1.0.4",
      "resolved": "https://registry.npmjs.org/filecompare/-/filecompare-1.0.4.tgz",
      "integrity": "sha512-Kfqx1EcX+zuixN8jEs52y50mz6XmfZG3msRJx7rFXj4T3oY7SBBHMYimrg8DZJdP2ab1asOMp0mqZlxezbor3w==",
      "dev": true,
      "requires": {
        "minimist": "^1.2.0"
      }
    },
    "isexe": {
      "version": "2.0.0",
      "resolved": "https://registry.npmjs.org/isexe/-/isexe-2.0.0.tgz",
      "integrity": "sha1-6PvzdNxVb/iUehDcsFctYz8s+hA=",
      "dev": true
    },
    "minimist": {
      "version": "1.2.6",
      "resolved": "https://registry.npmjs.org/minimist/-/minimist-1.2.6.tgz",
      "integrity": "sha512-Jsjnk4bw3YJqYzbdyBiNsPWHPfO++UGG749Cxs6peCu5Xg4nrena6OVxOYxrQTqww0Jmwt+Ref8rggumkTLz9Q==",
      "dev": true
    },
    "which": {
      "version": "2.0.2",
      "resolved": "https://registry.npmjs.org/which/-/which-2.0.2.tgz",
      "integrity": "sha512-BLI3Tl1TW3Pvl70l3yq3Y64i+awpwXqsGBYWkkqMtnbXgrMD+yj7rhW0kuEDxzJaYXGjEW5ogapKNMEKNMjibA==",
      "dev": true,
      "requires": {
        "isexe": "^2.0.0"
      }
    },
    "xbash": {
      "version": "1.6.0",
      "resolved": "https://registry.npmjs.org/xbash/-/xbash-1.6.0.tgz",
      "integrity": "sha512-hdmcoRQ6GqGJp0SUkloQgwlwxKUKJYTaMwR1sbjW58l4I7Rq7PKVOdMqKlyNoekOG3Y4sfgrj30/Nf6sbq+LrQ==",
      "dev": true,
      "requires": {
        "which": "^2.0.2"
      }
    }
  }
}
