{
  "name": "@fuse-open/uno",
  "version": "1.14.0-canary.0",
  "lockfileVersion": 1,
  "requires": true,
  "dependencies": {
    "dotnet-run": {
      "version": "1.1.0",
      "resolved": "https://registry.npmjs.org/dotnet-run/-/dotnet-run-1.1.0.tgz",
      "integrity": "sha512-nuLxPxSKO15jSBcVI5ve2hSIGwfPmjY4VpBPMbi1nyWNqMGCc/9elsfzsVCls8DCM4g9iB7UVnkS+W42WsuuhQ=="
    },
    "isexe": {
      "version": "2.0.0",
      "resolved": "https://registry.npmjs.org/isexe/-/isexe-2.0.0.tgz",
      "integrity": "sha1-6PvzdNxVb/iUehDcsFctYz8s+hA=",
      "dev": true
    },
    "which": {
      "version": "1.3.1",
      "resolved": "https://registry.npmjs.org/which/-/which-1.3.1.tgz",
      "integrity": "sha512-HxJdYWq1MTIQbJ3nw0cqssHoTNU267KlrDuGZ1WYlxDStUtKUhOaJmh112/TZmHxxUfuJqPXSOm7tDyas0OSIQ==",
      "dev": true,
      "requires": {
        "isexe": "^2.0.0"
      }
    },
    "xbash": {
      "version": "1.4.0",
      "resolved": "https://registry.npmjs.org/xbash/-/xbash-1.4.0.tgz",
      "integrity": "sha512-YIVWhnW8QhCWW39zoDsNIndFLOowrigH/O1UUbvhQJjABnMApsb/zshoAKxejO7eQFD/tmjpkntwvw23vwefPA==",
      "dev": true,
      "requires": {
        "which": "^1.3.1"
      }
    }
  }
}
