Microsoft Visual Studio Solution File, Format Version 12.00
# Visual Studio Version 16
VisualStudioVersion = 16.0.30002.166
MinimumVisualStudioVersion = 10.0.40219.1
Project("{FAE04EC0-301F-11D3-BF4B-00C04F79EFBC}") = "uno", "src\tool\cli\uno.csproj", "{5813CAEE-0804-45C2-A0C7-E30720EFBB45}"
EndProject
Project("{FAE04EC0-301F-11D3-BF4B-00C04F79EFBC}") = "Uno.Common", "src\common\Uno.Common.csproj", "{D159DC86-F510-4FCF-9573-E339BDD6D166}"
EndProject
Project("{2150E333-8FDC-42A3-9474-1A3956D46DE8}") = "compiler", "compiler", "{4E38220C-6F5B-7B70-8691-9CB2BFD3D402}"
EndProject
Project("{FAE04EC0-301F-11D3-BF4B-00C04F79EFBC}") = "Uno.Compiler.API", "src\compiler\api\Uno.Compiler.API.csproj", "{B819B724-1A1F-458E-A4AF-4A5BB330C2C4}"
EndProject
Project("{FAE04EC0-301F-11D3-BF4B-00C04F79EFBC}") = "Uno.Compiler.Backends.CIL", "src\compiler\backend\cil\Uno.Compiler.Backends.CIL.csproj", "{B3B455C8-DD3D-4655-B10C-3C6BE878911E}"
EndProject
Project("{FAE04EC0-301F-11D3-BF4B-00C04F79EFBC}") = "Uno.Compiler.Backends.CPlusPlus", "src\compiler\backend\cpp\Uno.Compiler.Backends.CPlusPlus.csproj", "{9E0318A1-528E-4AFD-AB87-C8D58E0CD060}"
EndProject
Project("{FAE04EC0-301F-11D3-BF4B-00C04F79EFBC}") = "Uno.Compiler.Graphics.OpenGL", "src\compiler\graphics\opengl\Uno.Compiler.Graphics.OpenGL.csproj", "{AFCAAF4E-198D-45F5-A019-ACED9CDCCADF}"
EndProject
Project("{FAE04EC0-301F-11D3-BF4B-00C04F79EFBC}") = "Uno.Compiler.Backends.UnoDoc", "src\compiler\backend\unodoc\Uno.Compiler.Backends.UnoDoc.csproj", "{EB7A1BF1-F78F-41EC-933D-E3A44C021E3D}"
EndProject
Project("{FAE04EC0-301F-11D3-BF4B-00C04F79EFBC}") = "Uno.Compiler.Core", "src\compiler\core\Uno.Compiler.Core.csproj", "{C4CF7639-0705-4093-B16D-3261A92F6260}"
EndProject
Project("{FAE04EC0-301F-11D3-BF4B-00C04F79EFBC}") = "Uno.Compiler.Foreign", "src\compiler\foreign\Uno.Compiler.Foreign.csproj", "{853ABAB6-9FFD-4749-9D32-0A205C5E72B3}"
EndProject
Project("{FAE04EC0-301F-11D3-BF4B-00C04F79EFBC}") = "Uno.Compiler.Frontend", "src\compiler\frontend\Uno.Compiler.Frontend.csproj", "{660301A9-D14E-48C0-A757-2DBD2D4D0E3F}"
EndProject
Project("{2150E333-8FDC-42A3-9474-1A3956D46DE8}") = "tool", "tool", "{4E38220C-6F5B-7B70-8691-9CB2BFD3D404}"
EndProject
Project("{FAE04EC0-301F-11D3-BF4B-00C04F79EFBC}") = "Uno.Build", "src\tool\engine\Uno.Build.csproj", "{EE7B3E9E-C1AF-41A1-8B71-42213DAB19F4}"
EndProject
Project("{FAE04EC0-301F-11D3-BF4B-00C04F79EFBC}") = "Uno.Configuration", "src\tool\config\Uno.Configuration.csproj", "{95E969AF-23A7-46DE-8EEF-DF1BDDCA55D6}"
EndProject
Project("{FAE04EC0-301F-11D3-BF4B-00C04F79EFBC}") = "Uno.ProjectFormat", "src\tool\project\Uno.ProjectFormat.csproj", "{6C4066B0-F7EA-41B1-B103-0A4F1C3A77D5}"
EndProject
Project("{2150E333-8FDC-42A3-9474-1A3956D46DE8}") = "test", "test", "{4E38220C-6F5B-7B70-8691-9CB2BFD3D406}"
EndProject
Project("{FAE04EC0-301F-11D3-BF4B-00C04F79EFBC}") = "compiler-test", "src\test\compiler-test\compiler-test.csproj", "{452AD3C8-8B77-4188-B70F-C9AFF210F45C}"
EndProject
Project("{FAE04EC0-301F-11D3-BF4B-00C04F79EFBC}") = "Uno.TestRunner", "src\test\runner\Uno.TestRunner.csproj", "{26B75FBD-DBF7-4EBE-8B7B-5B04ACC28F13}"
EndProject
Project("{FAE04EC0-301F-11D3-BF4B-00C04F79EFBC}") = "Uno.TestRunner.Tests", "src\test\tests\Uno.TestRunner.Tests.csproj", "{CD586CDD-BA3B-4673-ABE8-97C867B8445A}"
EndProject
Project("{2150E333-8FDC-42A3-9474-1A3956D46DE8}") = "ux", "ux", "{4E38220C-6F5B-7B70-8691-9CB2BFD3D407}"
EndProject
Project("{FAE04EC0-301F-11D3-BF4B-00C04F79EFBC}") = "Uno.UX.Markup.Tests", "src\ux\tests\Uno.UX.Markup.Tests.csproj", "{5FBF0E14-E093-47D7-A331-B3709A63D409}"
EndProject
Project("{FAE04EC0-301F-11D3-BF4B-00C04F79EFBC}") = "Uno.UX.Markup", "src\ux\markup\Uno.UX.Markup.csproj", "{05538951-C4A9-4298-BBA7-FE9F96E3DDC1}"
EndProject
Project("{FAE04EC0-301F-11D3-BF4B-00C04F79EFBC}") = "IKVM.Reflection", "src\compiler\backend\ikvm\reflect\IKVM.Reflection.csproj", "{4CB170EF-DFE6-4A56-9E1B-A85449E827A7}"
EndProject
Project("{2150E333-8FDC-42A3-9474-1A3956D46DE8}") = "backend", "backend", "{9F736FD4-CA38-4A73-BA0F-302FF323E043}"
EndProject
Global
	GlobalSection(SolutionConfigurationPlatforms) = preSolution
		Debug|Any CPU = Debug|Any CPU
		Release|Any CPU = Release|Any CPU
	EndGlobalSection
	GlobalSection(ProjectConfigurationPlatforms) = postSolution
		{5813CAEE-0804-45C2-A0C7-E30720EFBB45}.Debug|Any CPU.ActiveCfg = Debug|Any CPU
		{5813CAEE-0804-45C2-A0C7-E30720EFBB45}.Debug|Any CPU.Build.0 = Debug|Any CPU
		{5813CAEE-0804-45C2-A0C7-E30720EFBB45}.Release|Any CPU.ActiveCfg = Release|Any CPU
		{5813CAEE-0804-45C2-A0C7-E30720EFBB45}.Release|Any CPU.Build.0 = Release|Any CPU
		{D159DC86-F510-4FCF-9573-E339BDD6D166}.Debug|Any CPU.ActiveCfg = Debug|Any CPU
		{D159DC86-F510-4FCF-9573-E339BDD6D166}.Debug|Any CPU.Build.0 = Debug|Any CPU
		{D159DC86-F510-4FCF-9573-E339BDD6D166}.Release|Any CPU.ActiveCfg = Release|Any CPU
		{D159DC86-F510-4FCF-9573-E339BDD6D166}.Release|Any CPU.Build.0 = Release|Any CPU
		{B819B724-1A1F-458E-A4AF-4A5BB330C2C4}.Debug|Any CPU.ActiveCfg = Debug|Any CPU
		{B819B724-1A1F-458E-A4AF-4A5BB330C2C4}.Debug|Any CPU.Build.0 = Debug|Any CPU
		{B819B724-1A1F-458E-A4AF-4A5BB330C2C4}.Release|Any CPU.ActiveCfg = Release|Any CPU
		{B819B724-1A1F-458E-A4AF-4A5BB330C2C4}.Release|Any CPU.Build.0 = Release|Any CPU
		{B3B455C8-DD3D-4655-B10C-3C6BE878911E}.Debug|Any CPU.ActiveCfg = Debug|Any CPU
		{B3B455C8-DD3D-4655-B10C-3C6BE878911E}.Debug|Any CPU.Build.0 = Debug|Any CPU
		{B3B455C8-DD3D-4655-B10C-3C6BE878911E}.Release|Any CPU.ActiveCfg = Release|Any CPU
		{B3B455C8-DD3D-4655-B10C-3C6BE878911E}.Release|Any CPU.Build.0 = Release|Any CPU
		{9E0318A1-528E-4AFD-AB87-C8D58E0CD060}.Debug|Any CPU.ActiveCfg = Debug|Any CPU
		{9E0318A1-528E-4AFD-AB87-C8D58E0CD060}.Debug|Any CPU.Build.0 = Debug|Any CPU
		{9E0318A1-528E-4AFD-AB87-C8D58E0CD060}.Release|Any CPU.ActiveCfg = Release|Any CPU
		{9E0318A1-528E-4AFD-AB87-C8D58E0CD060}.Release|Any CPU.Build.0 = Release|Any CPU
		{AFCAAF4E-198D-45F5-A019-ACED9CDCCADF}.Debug|Any CPU.ActiveCfg = Debug|Any CPU
		{AFCAAF4E-198D-45F5-A019-ACED9CDCCADF}.Debug|Any CPU.Build.0 = Debug|Any CPU
		{AFCAAF4E-198D-45F5-A019-ACED9CDCCADF}.Release|Any CPU.ActiveCfg = Release|Any CPU
		{AFCAAF4E-198D-45F5-A019-ACED9CDCCADF}.Release|Any CPU.Build.0 = Release|Any CPU
		{EB7A1BF1-F78F-41EC-933D-E3A44C021E3D}.Debug|Any CPU.ActiveCfg = Debug|Any CPU
		{EB7A1BF1-F78F-41EC-933D-E3A44C021E3D}.Debug|Any CPU.Build.0 = Debug|Any CPU
		{EB7A1BF1-F78F-41EC-933D-E3A44C021E3D}.Release|Any CPU.ActiveCfg = Release|Any CPU
		{EB7A1BF1-F78F-41EC-933D-E3A44C021E3D}.Release|Any CPU.Build.0 = Release|Any CPU
		{C4CF7639-0705-4093-B16D-3261A92F6260}.Debug|Any CPU.ActiveCfg = Debug|Any CPU
		{C4CF7639-0705-4093-B16D-3261A92F6260}.Debug|Any CPU.Build.0 = Debug|Any CPU
		{C4CF7639-0705-4093-B16D-3261A92F6260}.Release|Any CPU.ActiveCfg = Release|Any CPU
		{C4CF7639-0705-4093-B16D-3261A92F6260}.Release|Any CPU.Build.0 = Release|Any CPU
		{853ABAB6-9FFD-4749-9D32-0A205C5E72B3}.Debug|Any CPU.ActiveCfg = Debug|Any CPU
		{853ABAB6-9FFD-4749-9D32-0A205C5E72B3}.Debug|Any CPU.Build.0 = Debug|Any CPU
		{853ABAB6-9FFD-4749-9D32-0A205C5E72B3}.Release|Any CPU.ActiveCfg = Release|Any CPU
		{853ABAB6-9FFD-4749-9D32-0A205C5E72B3}.Release|Any CPU.Build.0 = Release|Any CPU
		{660301A9-D14E-48C0-A757-2DBD2D4D0E3F}.Debug|Any CPU.ActiveCfg = Debug|Any CPU
		{660301A9-D14E-48C0-A757-2DBD2D4D0E3F}.Debug|Any CPU.Build.0 = Debug|Any CPU
		{660301A9-D14E-48C0-A757-2DBD2D4D0E3F}.Release|Any CPU.ActiveCfg = Release|Any CPU
		{660301A9-D14E-48C0-A757-2DBD2D4D0E3F}.Release|Any CPU.Build.0 = Release|Any CPU
		{EE7B3E9E-C1AF-41A1-8B71-42213DAB19F4}.Debug|Any CPU.ActiveCfg = Debug|Any CPU
		{EE7B3E9E-C1AF-41A1-8B71-42213DAB19F4}.Debug|Any CPU.Build.0 = Debug|Any CPU
		{EE7B3E9E-C1AF-41A1-8B71-42213DAB19F4}.Release|Any CPU.ActiveCfg = Release|Any CPU
		{EE7B3E9E-C1AF-41A1-8B71-42213DAB19F4}.Release|Any CPU.Build.0 = Release|Any CPU
		{95E969AF-23A7-46DE-8EEF-DF1BDDCA55D6}.Debug|Any CPU.ActiveCfg = Debug|Any CPU
		{95E969AF-23A7-46DE-8EEF-DF1BDDCA55D6}.Debug|Any CPU.Build.0 = Debug|Any CPU
		{95E969AF-23A7-46DE-8EEF-DF1BDDCA55D6}.Release|Any CPU.ActiveCfg = Release|Any CPU
		{95E969AF-23A7-46DE-8EEF-DF1BDDCA55D6}.Release|Any CPU.Build.0 = Release|Any CPU
		{6C4066B0-F7EA-41B1-B103-0A4F1C3A77D5}.Debug|Any CPU.ActiveCfg = Debug|Any CPU
		{6C4066B0-F7EA-41B1-B103-0A4F1C3A77D5}.Debug|Any CPU.Build.0 = Debug|Any CPU
		{6C4066B0-F7EA-41B1-B103-0A4F1C3A77D5}.Release|Any CPU.ActiveCfg = Release|Any CPU
		{6C4066B0-F7EA-41B1-B103-0A4F1C3A77D5}.Release|Any CPU.Build.0 = Release|Any CPU
		{452AD3C8-8B77-4188-B70F-C9AFF210F45C}.Debug|Any CPU.ActiveCfg = Debug|Any CPU
		{452AD3C8-8B77-4188-B70F-C9AFF210F45C}.Debug|Any CPU.Build.0 = Debug|Any CPU
		{452AD3C8-8B77-4188-B70F-C9AFF210F45C}.Release|Any CPU.ActiveCfg = Release|Any CPU
		{452AD3C8-8B77-4188-B70F-C9AFF210F45C}.Release|Any CPU.Build.0 = Release|Any CPU
		{26B75FBD-DBF7-4EBE-8B7B-5B04ACC28F13}.Debug|Any CPU.ActiveCfg = Debug|Any CPU
		{26B75FBD-DBF7-4EBE-8B7B-5B04ACC28F13}.Debug|Any CPU.Build.0 = Debug|Any CPU
		{26B75FBD-DBF7-4EBE-8B7B-5B04ACC28F13}.Release|Any CPU.ActiveCfg = Release|Any CPU
		{26B75FBD-DBF7-4EBE-8B7B-5B04ACC28F13}.Release|Any CPU.Build.0 = Release|Any CPU
		{CD586CDD-BA3B-4673-ABE8-97C867B8445A}.Debug|Any CPU.ActiveCfg = Debug|Any CPU
		{CD586CDD-BA3B-4673-ABE8-97C867B8445A}.Debug|Any CPU.Build.0 = Debug|Any CPU
		{CD586CDD-BA3B-4673-ABE8-97C867B8445A}.Release|Any CPU.ActiveCfg = Release|Any CPU
		{CD586CDD-BA3B-4673-ABE8-97C867B8445A}.Release|Any CPU.Build.0 = Release|Any CPU
		{5FBF0E14-E093-47D7-A331-B3709A63D409}.Debug|Any CPU.ActiveCfg = Debug|Any CPU
		{5FBF0E14-E093-47D7-A331-B3709A63D409}.Debug|Any CPU.Build.0 = Debug|Any CPU
		{5FBF0E14-E093-47D7-A331-B3709A63D409}.Release|Any CPU.ActiveCfg = Release|Any CPU
		{5FBF0E14-E093-47D7-A331-B3709A63D409}.Release|Any CPU.Build.0 = Release|Any CPU
		{05538951-C4A9-4298-BBA7-FE9F96E3DDC1}.Debug|Any CPU.ActiveCfg = Debug|Any CPU
		{05538951-C4A9-4298-BBA7-FE9F96E3DDC1}.Debug|Any CPU.Build.0 = Debug|Any CPU
		{05538951-C4A9-4298-BBA7-FE9F96E3DDC1}.Release|Any CPU.ActiveCfg = Release|Any CPU
		{05538951-C4A9-4298-BBA7-FE9F96E3DDC1}.Release|Any CPU.Build.0 = Release|Any CPU
		{4CB170EF-DFE6-4A56-9E1B-A85449E827A7}.Debug|Any CPU.ActiveCfg = Debug|Any CPU
		{4CB170EF-DFE6-4A56-9E1B-A85449E827A7}.Debug|Any CPU.Build.0 = Debug|Any CPU
		{4CB170EF-DFE6-4A56-9E1B-A85449E827A7}.Release|Any CPU.ActiveCfg = Release|Any CPU
		{4CB170EF-DFE6-4A56-9E1B-A85449E827A7}.Release|Any CPU.Build.0 = Release|Any CPU
	EndGlobalSection
	GlobalSection(SolutionProperties) = preSolution
		HideSolutionNode = FALSE
	EndGlobalSection
	GlobalSection(NestedProjects) = preSolution
		{5813CAEE-0804-45C2-A0C7-E30720EFBB45} = {4E38220C-6F5B-7B70-8691-9CB2BFD3D404}
		{B819B724-1A1F-458E-A4AF-4A5BB330C2C4} = {4E38220C-6F5B-7B70-8691-9CB2BFD3D402}
		{B3B455C8-DD3D-4655-B10C-3C6BE878911E} = {9F736FD4-CA38-4A73-BA0F-302FF323E043}
		{9E0318A1-528E-4AFD-AB87-C8D58E0CD060} = {9F736FD4-CA38-4A73-BA0F-302FF323E043}
		{AFCAAF4E-198D-45F5-A019-ACED9CDCCADF} = {9F736FD4-CA38-4A73-BA0F-302FF323E043}
		{EB7A1BF1-F78F-41EC-933D-E3A44C021E3D} = {9F736FD4-CA38-4A73-BA0F-302FF323E043}
		{C4CF7639-0705-4093-B16D-3261A92F6260} = {4E38220C-6F5B-7B70-8691-9CB2BFD3D402}
		{853ABAB6-9FFD-4749-9D32-0A205C5E72B3} = {9F736FD4-CA38-4A73-BA0F-302FF323E043}
		{660301A9-D14E-48C0-A757-2DBD2D4D0E3F} = {4E38220C-6F5B-7B70-8691-9CB2BFD3D402}
		{EE7B3E9E-C1AF-41A1-8B71-42213DAB19F4} = {4E38220C-6F5B-7B70-8691-9CB2BFD3D404}
		{95E969AF-23A7-46DE-8EEF-DF1BDDCA55D6} = {4E38220C-6F5B-7B70-8691-9CB2BFD3D404}
		{6C4066B0-F7EA-41B1-B103-0A4F1C3A77D5} = {4E38220C-6F5B-7B70-8691-9CB2BFD3D404}
		{452AD3C8-8B77-4188-B70F-C9AFF210F45C} = {4E38220C-6F5B-7B70-8691-9CB2BFD3D406}
		{26B75FBD-DBF7-4EBE-8B7B-5B04ACC28F13} = {4E38220C-6F5B-7B70-8691-9CB2BFD3D406}
		{CD586CDD-BA3B-4673-ABE8-97C867B8445A} = {4E38220C-6F5B-7B70-8691-9CB2BFD3D406}
		{5FBF0E14-E093-47D7-A331-B3709A63D409} = {4E38220C-6F5B-7B70-8691-9CB2BFD3D407}
		{05538951-C4A9-4298-BBA7-FE9F96E3DDC1} = {4E38220C-6F5B-7B70-8691-9CB2BFD3D407}
		{4CB170EF-DFE6-4A56-9E1B-A85449E827A7} = {9F736FD4-CA38-4A73-BA0F-302FF323E043}
		{9F736FD4-CA38-4A73-BA0F-302FF323E043} = {4E38220C-6F5B-7B70-8691-9CB2BFD3D402}
	EndGlobalSection
	GlobalSection(ExtensibilityGlobals) = postSolution
		SolutionGuid = {B2804552-8993-4386-8F1F-49F98D24EBAA}
	EndGlobalSection
EndGlobal
